# THIS IS AN AUTOGENERATED FILE. DO NOT EDIT THIS FILE DIRECTLY.
# yarn lockfile v1


"@fortawesome/fontawesome-common-types@^0.2.30":
  version "0.2.30"
  resolved "https://npm.fontawesome.com/@fortawesome/fontawesome-common-types/-/0.2.30/fontawesome-common-types-0.2.30.tgz#2f1cc5b46bd76723be41d0013a8450c9ba92b777"
  integrity sha512-TsRwpTuKwFNiPhk1UfKgw7zNPeV5RhNp2Uw3pws+9gDAkPGKrtjR1y2lI3SYn7+YzyfuNknflpBA1LRKjt7hMg==

"@fortawesome/fontawesome-svg-core@^1.2.30":
  version "1.2.30"
  resolved "https://npm.fontawesome.com/@fortawesome/fontawesome-svg-core/-/1.2.30/fontawesome-svg-core-1.2.30.tgz#f56dc6791861fe5d1af04fb8abddb94658c576db"
  integrity sha512-E3sAXATKCSVnT17HYmZjjbcmwihrNOCkoU7dVMlasrcwiJAHxSKeZ+4WN5O+ElgO/FaYgJmASl8p9N7/B/RttA==
  dependencies:
    "@fortawesome/fontawesome-common-types" "^0.2.30"

"@types/node@^14.6.0":
  version "14.6.0"
  resolved "https://registry.yarnpkg.com/@types/node/-/node-14.6.0.tgz#7d4411bf5157339337d7cff864d9ff45f177b499"
  integrity sha512-mikldZQitV94akrc4sCcSjtJfsTKt4p+e/s0AGscVA6XArQ9kFclP+ZiYUMnq987rc6QlYxXv/EivqlfSLxpKA==

typescript@^4.0.2:
  version "4.0.2"
  resolved "https://registry.yarnpkg.com/typescript/-/typescript-4.0.2.tgz#7ea7c88777c723c681e33bf7988be5d008d05ac2"
  integrity sha512-e4ERvRV2wb+rRZ/IQeb3jm2VxBsirQLpQhdxplZ2MEzGvDkkMmPglecnNDfSUBivMjP93vRbngYYDQqQ/78bcQ==
